
Microsoft Visual Studio Solution File, Format Version 12.00
# Visual Studio Version 17
VisualStudioVersion = 17.9.34622.214
MinimumVisualStudioVersion = 10.0.40219.1
Project("{FAE04EC0-301F-11D3-BF4B-00C04F79EFBC}") = "WebShopApp", "WebShopApp\WebShopApp.csproj", "{A8CFE103-8E56-469A-A2B4-C66ECD4594D8}"
EndProject
Project("{FAE04EC0-301F-11D3-BF4B-00C04F79EFBC}") = "WebShopApp.Infrastructure", "WebShopApp.Infrastructure\WebShopApp.Infrastructure.csproj", "{03D4BBFA-69A8-4161-A489-ED4595C48BE7}"
EndProject
Global
	GlobalSection(SolutionConfigurationPlatforms) = preSolution
		Debug|Any CPU = Debug|Any CPU
		Release|Any CPU = Release|Any CPU
	EndGlobalSection
	GlobalSection(ProjectConfigurationPlatforms) = postSolution
		{A8CFE103-8E56-469A-A2B4-C66ECD4594D8}.Debug|Any CPU.ActiveCfg = Debug|Any CPU
		{A8CFE103-8E56-469A-A2B4-C66ECD4594D8}.Debug|Any CPU.Build.0 = Debug|Any CPU
		{A8CFE103-8E56-469A-A2B4-C66ECD4594D8}.Release|Any CPU.ActiveCfg = Release|Any CPU
		{A8CFE103-8E56-469A-A2B4-C66ECD4594D8}.Release|Any CPU.Build.0 = Release|Any CPU
		{03D4BBFA-69A8-4161-A489-ED4595C48BE7}.Debug|Any CPU.ActiveCfg = Debug|Any CPU
		{03D4BBFA-69A8-4161-A489-ED4595C48BE7}.Debug|Any CPU.Build.0 = Debug|Any CPU
		{03D4BBFA-69A8-4161-A489-ED4595C48BE7}.Release|Any CPU.ActiveCfg = Release|Any CPU
		{03D4BBFA-69A8-4161-A489-ED4595C48BE7}.Release|Any CPU.Build.0 = Release|Any CPU
	EndGlobalSection
	GlobalSection(SolutionProperties) = preSolution
		HideSolutionNode = FALSE
	EndGlobalSection
	GlobalSection(ExtensibilityGlobals) = postSolution
		SolutionGuid = {5702F1F0-F5E5-42AF-B4B9-34B9E592FDE5}
	EndGlobalSection
EndGlobal
